
Microsoft Visual Studio Solution File, Format Version 12.00
# Visual Studio Version 17
VisualStudioVersion = 17.4.33213.308
MinimumVisualStudioVersion = 10.0.40219.1
Project("{FAE04EC0-301F-11D3-BF4B-00C04F79EFBC}") = "ResearchProject", "ResearchProject\ResearchProject.csproj", "{4F722D7C-C30E-45F7-A541-7B1059CE9909}"
EndProject
Global
	GlobalSection(SolutionConfigurationPlatforms) = preSolution
		Debug|Any CPU = Debug|Any CPU
		Release|Any CPU = Release|Any CPU
	EndGlobalSection
	GlobalSection(ProjectConfigurationPlatforms) = postSolution
		{4F722D7C-C30E-45F7-A541-7B1059CE9909}.Debug|Any CPU.ActiveCfg = Debug|Any CPU
		{4F722D7C-C30E-45F7-A541-7B1059CE9909}.Debug|Any CPU.Build.0 = Debug|Any CPU
		{4F722D7C-C30E-45F7-A541-7B1059CE9909}.Release|Any CPU.ActiveCfg = Release|Any CPU
		{4F722D7C-C30E-45F7-A541-7B1059CE9909}.Release|Any CPU.Build.0 = Release|Any CPU
	EndGlobalSection
	GlobalSection(SolutionProperties) = preSolution
		HideSolutionNode = FALSE
	EndGlobalSection
	GlobalSection(ExtensibilityGlobals) = postSolution
		SolutionGuid = {210D63BB-CCE8-4251-BC5B-62ADA4BF69C6}
	EndGlobalSection
EndGlobal
